lockfileVersion: '6.1'

settings:
  autoInstallPeers: true
  excludeLinksFromLockfile: false

dependencies:
  '@fortawesome/fontawesome-free':
    specifier: ^6.4.0
    version: 6.4.0
  bootstrap:
    specifier: ^5.3.0
    version: 5.3.0(@popperjs/core@2.11.8)
  chart.js:
    specifier: ^4.3.0
    version: 4.3.0

packages:

  /@fortawesome/fontawesome-free@6.4.0:
    resolution: {integrity: sha512-0NyytTlPJwB/BF5LtRV8rrABDbe3TdTXqNB3PdZ+UUUZAEIrdOJdmABqKjt4AXwIoJNaRVVZEXxpNrqvE1GAYQ==}
    engines: {node: '>=6'}
    requiresBuild: true
    dev: false

  /@kurkle/color@0.3.2:
    resolution: {integrity: sha512-fuscdXJ9G1qb7W8VdHi+IwRqij3lBkosAm4ydQtEmbY58OzHXqQhvlxqEkoz0yssNVn38bcpRWgA9PP+OGoisw==}
    dev: false

  /@popperjs/core@2.11.8:
    resolution: {integrity: sha512-P1st0aksCrn9sGZhp8GMYwBnQsbvAWsZAX44oXNNvLHGqAOcoVxmjZiohstwQ7SqKnbR47akdNi+uleWD8+g6A==}
    dev: false

  /bootstrap@5.3.0(@popperjs/core@2.11.8):
    resolution: {integrity: sha512-UnBV3E3v4STVNQdms6jSGO2CvOkjUMdDAVR2V5N4uCMdaIkaQjbcEAMqRimDHIs4uqBYzDAKCQwCB+97tJgHQw==}
    peerDependencies:
      '@popperjs/core': ^2.11.7
    dependencies:
      '@popperjs/core': 2.11.8
    dev: false

  /chart.js@4.3.0:
    resolution: {integrity: sha512-ynG0E79xGfMaV2xAHdbhwiPLczxnNNnasrmPEXriXsPJGjmhOBYzFVEsB65w2qMDz+CaBJJuJD0inE/ab/h36g==}
    engines: {pnpm: '>=7'}
    dependencies:
      '@kurkle/color': 0.3.2
    dev: false
