lockfileVersion: '6.0'

dependencies:
  '@fortawesome/fontawesome-free':
    specifier: ^6.4.0
    version: 6.4.0
  bootstrap:
    specifier: ^5.2.3
    version: 5.2.3(@popperjs/core@2.11.7)
  bootstrap-icons:
    specifier: ^1.10.5
    version: 1.10.5

packages:

  /@fortawesome/fontawesome-free@6.4.0:
    resolution: {integrity: sha512-0NyytTlPJwB/BF5LtRV8rrABDbe3TdTXqNB3PdZ+UUUZAEIrdOJdmABqKjt4AXwIoJNaRVVZEXxpNrqvE1GAYQ==}
    engines: {node: '>=6'}
    requiresBuild: true
    dev: false

  /@popperjs/core@2.11.7:
    resolution: {integrity: sha512-Cr4OjIkipTtcXKjAsm8agyleBuDHvxzeBoa1v543lbv1YaIwQjESsVcmjiWiPEbC1FIeHOG/Op9kdCmAmiS3Kw==}
    dev: false

  /bootstrap-icons@1.10.5:
    resolution: {integrity: sha512-oSX26F37V7QV7NCE53PPEL45d7EGXmBgHG3pDpZvcRaKVzWMqIRL9wcqJUyEha1esFtM3NJzvmxFXDxjJYD0jQ==}
    dev: false

  /bootstrap@5.2.3(@popperjs/core@2.11.7):
    resolution: {integrity: sha512-cEKPM+fwb3cT8NzQZYEu4HilJ3anCrWqh3CHAok1p9jXqMPsPTBhU25fBckEJHJ/p+tTxTFTsFQGM+gaHpi3QQ==}
    peerDependencies:
      '@popperjs/core': ^2.11.6
    dependencies:
      '@popperjs/core': 2.11.7
    dev: false
